
Microsoft Visual Studio Solution File, Format Version 12.00
# Visual Studio Version 17
VisualStudioVersion = 17.9.34902.65
MinimumVisualStudioVersion = 10.0.40219.1
Project("{FAE04EC0-301F-11D3-BF4B-00C04F79EFBC}") = "BookStore", "BookStore\BookStore.csproj", "{CF435517-50E7-46A1-88CA-DC949B62E02E}"
EndProject
Project("{FAE04EC0-301F-11D3-BF4B-00C04F79EFBC}") = "Shared", "Shared\Shared.csproj", "{D86BFBB3-AD90-4120-A9BD-C0D5D17AE1BE}"
EndProject
Global
	GlobalSection(SolutionConfigurationPlatforms) = preSolution
		Debug|Any CPU = Debug|Any CPU
		Release|Any CPU = Release|Any CPU
	EndGlobalSection
	GlobalSection(ProjectConfigurationPlatforms) = postSolution
		{CF435517-50E7-46A1-88CA-DC949B62E02E}.Debug|Any CPU.ActiveCfg = Debug|Any CPU
		{CF435517-50E7-46A1-88CA-DC949B62E02E}.Debug|Any CPU.Build.0 = Debug|Any CPU
		{CF435517-50E7-46A1-88CA-DC949B62E02E}.Release|Any CPU.ActiveCfg = Release|Any CPU
		{CF435517-50E7-46A1-88CA-DC949B62E02E}.Release|Any CPU.Build.0 = Release|Any CPU
		{D86BFBB3-AD90-4120-A9BD-C0D5D17AE1BE}.Debug|Any CPU.ActiveCfg = Debug|Any CPU
		{D86BFBB3-AD90-4120-A9BD-C0D5D17AE1BE}.Debug|Any CPU.Build.0 = Debug|Any CPU
		{D86BFBB3-AD90-4120-A9BD-C0D5D17AE1BE}.Release|Any CPU.ActiveCfg = Release|Any CPU
		{D86BFBB3-AD90-4120-A9BD-C0D5D17AE1BE}.Release|Any CPU.Build.0 = Release|Any CPU
	EndGlobalSection
	GlobalSection(SolutionProperties) = preSolution
		HideSolutionNode = FALSE
	EndGlobalSection
	GlobalSection(ExtensibilityGlobals) = postSolution
		SolutionGuid = {A1BC820A-9065-42D9-B4CE-40F8C8F4FF8B}
	EndGlobalSection
EndGlobal
